// !$*UTF8*$!
{
	archiveVersion = 1;
	classes = {
	};
	objectVersion = 46;
	objects = {

/* Begin PBXBuildFile section */
		623AAFD019B1C95800FA2EF3 /* libsqlite3.0.dylib in Frameworks */ = {isa = PBXBuildFile; fileRef = 623AAFCF19B1C95800FA2EF3 /* libsqlite3.0.dylib */; };
		62629FFE19B4328C00C25244 /* muicv2.db in Resources */ = {isa = PBXBuildFile; fileRef = 62629FFD19B4328C00C25244 /* muicv2.db */; };
		626C530E19B2E1DB005C03C8 /* ModelApp.m in Sources */ = {isa = PBXBuildFile; fileRef = 626C530D19B2E1DB005C03C8 /* ModelApp.m */; };
		62B5131A19B30B2300D33CF8 /* AppDao.m in Sources */ = {isa = PBXBuildFile; fileRef = 62B5131919B30B2300D33CF8 /* AppDao.m */; };
		62B5131C19B3166900D33CF8 /* Main_iPhone.storyboard in Resources */ = {isa = PBXBuildFile; fileRef = 62B5131B19B3166900D33CF8 /* Main_iPhone.storyboard */; };
		62B5132319B31E6E00D33CF8 /* MenuController.m in Sources */ = {isa = PBXBuildFile; fileRef = 62B5132119B31E6E00D33CF8 /* MenuController.m */; };
		62B5340C19C92A40002B6DFC /* housing29x29.png in Resources */ = {isa = PBXBuildFile; fileRef = 62B5340819C92A40002B6DFC /* housing29x29.png */; };
		62B5340D19C92A40002B6DFC /* library29x29.png in Resources */ = {isa = PBXBuildFile; fileRef = 62B5340919C92A40002B6DFC /* library29x29.png */; };
		62B5340E19C92A40002B6DFC /* life29x29.png in Resources */ = {isa = PBXBuildFile; fileRef = 62B5340A19C92A40002B6DFC /* life29x29.png */; };
		62B5340F19C92A40002B6DFC /* sph29x29.png in Resources */ = {isa = PBXBuildFile; fileRef = 62B5340B19C92A40002B6DFC /* sph29x29.png */; };
		62B5341519C983C7002B6DFC /* ModelBanner.m in Sources */ = {isa = PBXBuildFile; fileRef = 62B5341419C983C7002B6DFC /* ModelBanner.m */; };
		62B5341819C9846D002B6DFC /* BannerDao.m in Sources */ = {isa = PBXBuildFile; fileRef = 62B5341719C9846D002B6DFC /* BannerDao.m */; };
		62DA008F19B1D23900F15884 /* ModelMenu.m in Sources */ = {isa = PBXBuildFile; fileRef = 62DA008E19B1D23900F15884 /* ModelMenu.m */; };
		62DA009219B1F74500F15884 /* MenuDao.m in Sources */ = {isa = PBXBuildFile; fileRef = 62DA009119B1F74500F15884 /* MenuDao.m */; };
		D5C438F6198E871D004D9294 /* Foundation.framework in Frameworks */ = {isa = PBXBuildFile; fileRef = D5C438F5198E871D004D9294 /* Foundation.framework */; };
		D5C438F8198E871D004D9294 /* CoreGraphics.framework in Frameworks */ = {isa = PBXBuildFile; fileRef = D5C438F7198E871D004D9294 /* CoreGraphics.framework */; };
		D5C438FA198E871D004D9294 /* UIKit.framework in Frameworks */ = {isa = PBXBuildFile; fileRef = D5C438F9198E871D004D9294 /* UIKit.framework */; };
		D5C43900198E871D004D9294 /* InfoPlist.strings in Resources */ = {isa = PBXBuildFile; fileRef = D5C438FE198E871D004D9294 /* InfoPlist.strings */; };
		D5C43902198E871D004D9294 /* main.m in Sources */ = {isa = PBXBuildFile; fileRef = D5C43901198E871D004D9294 /* main.m */; };
		D5C43906198E871D004D9294 /* AppDelegate.m in Sources */ = {isa = PBXBuildFile; fileRef = D5C43905198E871D004D9294 /* AppDelegate.m */; };
		D5C4390C198E871D004D9294 /* Main_iPad.storyboard in Resources */ = {isa = PBXBuildFile; fileRef = D5C4390A198E871D004D9294 /* Main_iPad.storyboard */; };
		D5C43911198E871D004D9294 /* Images.xcassets in Resources */ = {isa = PBXBuildFile; fileRef = D5C43910198E871D004D9294 /* Images.xcassets */; };
		D5C43918198E871D004D9294 /* XCTest.framework in Frameworks */ = {isa = PBXBuildFile; fileRef = D5C43917198E871D004D9294 /* XCTest.framework */; };
		D5C43919198E871D004D9294 /* Foundation.framework in Frameworks */ = {isa = PBXBuildFile; fileRef = D5C438F5198E871D004D9294 /* Foundation.framework */; };
		D5C4391A198E871D004D9294 /* UIKit.framework in Frameworks */ = {isa = PBXBuildFile; fileRef = D5C438F9198E871D004D9294 /* UIKit.framework */; };
		D5C43922198E871D004D9294 /* InfoPlist.strings in Resources */ = {isa = PBXBuildFile; fileRef = D5C43920198E871D004D9294 /* InfoPlist.strings */; };
		D5C43924198E871D004D9294 /* muic_v2Tests.m in Sources */ = {isa = PBXBuildFile; fileRef = D5C43923198E871D004D9294 /* muic_v2Tests.m */; };
		D5C43941198E8759004D9294 /* life40x40.png in Resources */ = {isa = PBXBuildFile; fileRef = D5C4392E198E8759004D9294 /* life40x40.png */; };
		D5C43942198E8759004D9294 /* life48x48.png in Resources */ = {isa = PBXBuildFile; fileRef = D5C4392F198E8759004D9294 /* life48x48.png */; };
		D5C43943198E8759004D9294 /* life50x50.png in Resources */ = {isa = PBXBuildFile; fileRef = D5C43930198E8759004D9294 /* life50x50.png */; };
		D5C43944198E8759004D9294 /* life57x57.png in Resources */ = {isa = PBXBuildFile; fileRef = D5C43931198E8759004D9294 /* life57x57.png */; };
		D5C43945198E8759004D9294 /* life58x58.png in Resources */ = {isa = PBXBuildFile; fileRef = D5C43932198E8759004D9294 /* life58x58.png */; };
		D5C43946198E8759004D9294 /* life72x72.png in Resources */ = {isa = PBXBuildFile; fileRef = D5C43933198E8759004D9294 /* life72x72.png */; };
		D5C43947198E8759004D9294 /* life76x76.png in Resources */ = {isa = PBXBuildFile; fileRef = D5C43934198E8759004D9294 /* life76x76.png */; };
		D5C43948198E8759004D9294 /* life80x80.png in Resources */ = {isa = PBXBuildFile; fileRef = D5C43935198E8759004D9294 /* life80x80.png */; };
		D5C43949198E8759004D9294 /* life100x100.png in Resources */ = {isa = PBXBuildFile; fileRef = D5C43936198E8759004D9294 /* life100x100.png */; };
		D5C4394A198E8759004D9294 /* life114x114.png in Resources */ = {isa = PBXBuildFile; fileRef = D5C43937198E8759004D9294 /* life114x114.png */; };
		D5C4394B198E8759004D9294 /* life120x120.png in Resources */ = {isa = PBXBuildFile; fileRef = D5C43938198E8759004D9294 /* life120x120.png */; };
		D5C4394C198E8759004D9294 /* life144x144.png in Resources */ = {isa = PBXBuildFile; fileRef = D5C43939198E8759004D9294 /* life144x144.png */; };
		D5C4394D198E8759004D9294 /* life152x152.png in Resources */ = {isa = PBXBuildFile; fileRef = D5C4393A198E8759004D9294 /* life152x152.png */; };
		D5C4394E198E8759004D9294 /* splash-ipad-landcape.png in Resources */ = {isa = PBXBuildFile; fileRef = D5C4393B198E8759004D9294 /* splash-ipad-landcape.png */; };
		D5C4394F198E8759004D9294 /* splash-ipad-landcape@2x.png in Resources */ = {isa = PBXBuildFile; fileRef = D5C4393C198E8759004D9294 /* splash-ipad-landcape@2x.png */; };
		D5C43950198E8759004D9294 /* splash-ipad-portrait.png in Resources */ = {isa = PBXBuildFile; fileRef = D5C4393D198E8759004D9294 /* splash-ipad-portrait.png */; };
		D5C43951198E8759004D9294 /* splash-ipad-portrait@2x.png in Resources */ = {isa = PBXBuildFile; fileRef = D5C4393E198E8759004D9294 /* splash-ipad-portrait@2x.png */; };
		D5C43952198E8759004D9294 /* splash-iphone-gen4-2x.png in Resources */ = {isa = PBXBuildFile; fileRef = D5C4393F198E8759004D9294 /* splash-iphone-gen4-2x.png */; };
		D5C43953198E8759004D9294 /* splash-iphone-gen5-2x.png in Resources */ = {isa = PBXBuildFile; fileRef = D5C43940198E8759004D9294 /* splash-iphone-gen5-2x.png */; };
		D5C43977198E8AC1004D9294 /* simpleMenuButton.png in Resources */ = {isa = PBXBuildFile; fileRef = D5C43975198E8AC1004D9294 /* simpleMenuButton.png */; };
		D5C43978198E8AC1004D9294 /* simpleMenuButton@2x.png in Resources */ = {isa = PBXBuildFile; fileRef = D5C43976198E8AC1004D9294 /* simpleMenuButton@2x.png */; };
		D5DC2C9A198FDC7C00F82E60 /* about.png in Resources */ = {isa = PBXBuildFile; fileRef = D5DC2C85198FDC7C00F82E60 /* about.png */; };
		D5DC2C9B198FDC7C00F82E60 /* about_r.png in Resources */ = {isa = PBXBuildFile; fileRef = D5DC2C86198FDC7C00F82E60 /* about_r.png */; };
		D5DC2C9C198FDC7C00F82E60 /* acomodation.png in Resources */ = {isa = PBXBuildFile; fileRef = D5DC2C87198FDC7C00F82E60 /* acomodation.png */; };
		D5DC2C9D198FDC7C00F82E60 /* acomodation_r.png in Resources */ = {isa = PBXBuildFile; fileRef = D5DC2C88198FDC7C00F82E60 /* acomodation_r.png */; };
		D5DC2C9E198FDC7C00F82E60 /* article.png in Resources */ = {isa = PBXBuildFile; fileRef = D5DC2C89198FDC7C00F82E60 /* article.png */; };
		D5DC2C9F198FDC7C00F82E60 /* article_r.png in Resources */ = {isa = PBXBuildFile; fileRef = D5DC2C8A198FDC7C00F82E60 /* article_r.png */; };
		D5DC2CA0198FDC7C00F82E60 /* contact.png in Resources */ = {isa = PBXBuildFile; fileRef = D5DC2C8B198FDC7C00F82E60 /* contact.png */; };
		D5DC2CA1198FDC7C00F82E60 /* contact_r.png in Resources */ = {isa = PBXBuildFile; fileRef = D5DC2C8C198FDC7C00F82E60 /* contact_r.png */; };
		D5DC2CA2198FDC7C00F82E60 /* gallery.png in Resources */ = {isa = PBXBuildFile; fileRef = D5DC2C8D198FDC7C00F82E60 /* gallery.png */; };
		D5DC2CA3198FDC7C00F82E60 /* gallery_r.png in Resources */ = {isa = PBXBuildFile; fileRef = D5DC2C8E198FDC7C00F82E60 /* gallery_r.png */; };
		D5DC2CA4198FDC7C00F82E60 /* home.png in Resources */ = {isa = PBXBuildFile; fileRef = D5DC2C8F198FDC7C00F82E60 /* home.png */; };
		D5DC2CA5198FDC7C00F82E60 /* home_r.png in Resources */ = {isa = PBXBuildFile; fileRef = D5DC2C90198FDC7C00F82E60 /* home_r.png */; };
		D5DC2CA6198FDC7C00F82E60 /* logo.png in Resources */ = {isa = PBXBuildFile; fileRef = D5DC2C91198FDC7C00F82E60 /* logo.png */; };
		D5DC2CA7198FDC7C00F82E60 /* menu_btn.png in Resources */ = {isa = PBXBuildFile; fileRef = D5DC2C92198FDC7C00F82E60 /* menu_btn.png */; };
		D5DC2CA8198FDC7C00F82E60 /* promotion.png in Resources */ = {isa = PBXBuildFile; fileRef = D5DC2C93198FDC7C00F82E60 /* promotion.png */; };
		D5DC2CA9198FDC7C00F82E60 /* promotion_r.png in Resources */ = {isa = PBXBuildFile; fileRef = D5DC2C94198FDC7C00F82E60 /* promotion_r.png */; };
		D5DC2CAA198FDC7C00F82E60 /* salaya_hotel.png in Resources */ = {isa = PBXBuildFile; fileRef = D5DC2C95198FDC7C00F82E60 /* salaya_hotel.png */; };
		D5DC2CAB198FDC7C00F82E60 /* shop.png in Resources */ = {isa = PBXBuildFile; fileRef = D5DC2C96198FDC7C00F82E60 /* shop.png */; };
		D5DC2CAC198FDC7C00F82E60 /* shop_r.png in Resources */ = {isa = PBXBuildFile; fileRef = D5DC2C97198FDC7C00F82E60 /* shop_r.png */; };
		D5DC2CAD198FDC7C00F82E60 /* Student_Housing_logo.png in Resources */ = {isa = PBXBuildFile; fileRef = D5DC2C98198FDC7C00F82E60 /* Student_Housing_logo.png */; };
		D5DC2CAE198FDC7C00F82E60 /* test_icon.png in Resources */ = {isa = PBXBuildFile; fileRef = D5DC2C99198FDC7C00F82E60 /* test_icon.png */; };
/* End PBXBuildFile section */

/* Begin PBXContainerItemProxy section */
		D5C4391B198E871D004D9294 /* PBXContainerItemProxy */ = {
			isa = PBXContainerItemProxy;
			containerPortal = D5C438EA198E871D004D9294 /* Project object */;
			proxyType = 1;
			remoteGlobalIDString = D5C438F1198E871D004D9294;
			remoteInfo = muic_v2;
		};
/* End PBXContainerItemProxy section */

/* Begin PBXFileReference section */
		623AAFCF19B1C95800FA2EF3 /* libsqlite3.0.dylib */ = {isa = PBXFileReference; lastKnownFileType = "compiled.mach-o.dylib"; name = libsqlite3.0.dylib; path = usr/lib/libsqlite3.0.dylib; sourceTree = SDKROOT; };
		62629FFD19B4328C00C25244 /* muicv2.db */ = {isa = PBXFileReference; lastKnownFileType = file; path = muicv2.db; sourceTree = "<group>"; };
		626C530C19B2E1DB005C03C8 /* ModelApp.h */ = {isa = PBXFileReference; fileEncoding = 4; lastKnownFileType = sourcecode.c.h; path = ModelApp.h; sourceTree = "<group>"; };
		626C530D19B2E1DB005C03C8 /* ModelApp.m */ = {isa = PBXFileReference; fileEncoding = 4; lastKnownFileType = sourcecode.c.objc; path = ModelApp.m; sourceTree = "<group>"; };
		62B5131819B30B2300D33CF8 /* AppDao.h */ = {isa = PBXFileReference; fileEncoding = 4; lastKnownFileType = sourcecode.c.h; path = AppDao.h; sourceTree = "<group>"; };
		62B5131919B30B2300D33CF8 /* AppDao.m */ = {isa = PBXFileReference; fileEncoding = 4; lastKnownFileType = sourcecode.c.objc; path = AppDao.m; sourceTree = "<group>"; };
		62B5131B19B3166900D33CF8 /* Main_iPhone.storyboard */ = {isa = PBXFileReference; fileEncoding = 4; lastKnownFileType = file.storyboard; path = Main_iPhone.storyboard; sourceTree = "<group>"; };
		62B5132019B31E6E00D33CF8 /* MenuController.h */ = {isa = PBXFileReference; fileEncoding = 4; lastKnownFileType = sourcecode.c.h; path = MenuController.h; sourceTree = "<group>"; };
		62B5132119B31E6E00D33CF8 /* MenuController.m */ = {isa = PBXFileReference; fileEncoding = 4; lastKnownFileType = sourcecode.c.objc; path = MenuController.m; sourceTree = "<group>"; };
		62B5340819C92A40002B6DFC /* housing29x29.png */ = {isa = PBXFileReference; lastKnownFileType = image.png; path = housing29x29.png; sourceTree = "<group>"; };
		62B5340919C92A40002B6DFC /* library29x29.png */ = {isa = PBXFileReference; lastKnownFileType = image.png; path = library29x29.png; sourceTree = "<group>"; };
		62B5340A19C92A40002B6DFC /* life29x29.png */ = {isa = PBXFileReference; lastKnownFileType = image.png; path = life29x29.png; sourceTree = "<group>"; };
		62B5340B19C92A40002B6DFC /* sph29x29.png */ = {isa = PBXFileReference; lastKnownFileType = image.png; path = sph29x29.png; sourceTree = "<group>"; };
		62B5341319C983C7002B6DFC /* ModelBanner.h */ = {isa = PBXFileReference; fileEncoding = 4; lastKnownFileType = sourcecode.c.h; path = ModelBanner.h; sourceTree = "<group>"; };
		62B5341419C983C7002B6DFC /* ModelBanner.m */ = {isa = PBXFileReference; fileEncoding = 4; lastKnownFileType = sourcecode.c.objc; path = ModelBanner.m; sourceTree = "<group>"; };
		62B5341619C9846D002B6DFC /* BannerDao.h */ = {isa = PBXFileReference; fileEncoding = 4; lastKnownFileType = sourcecode.c.h; path = BannerDao.h; sourceTree = "<group>"; };
		62B5341719C9846D002B6DFC /* BannerDao.m */ = {isa = PBXFileReference; fileEncoding = 4; lastKnownFileType = sourcecode.c.objc; path = BannerDao.m; sourceTree = "<group>"; };
		62DA008D19B1D23900F15884 /* ModelMenu.h */ = {isa = PBXFileReference; fileEncoding = 4; lastKnownFileType = sourcecode.c.h; path = ModelMenu.h; sourceTree = "<group>"; };
		62DA008E19B1D23900F15884 /* ModelMenu.m */ = {isa = PBXFileReference; fileEncoding = 4; lastKnownFileType = sourcecode.c.objc; path = ModelMenu.m; sourceTree = "<group>"; };
		62DA009019B1F74500F15884 /* MenuDao.h */ = {isa = PBXFileReference; fileEncoding = 4; lastKnownFileType = sourcecode.c.h; path = MenuDao.h; sourceTree = "<group>"; };
		62DA009119B1F74500F15884 /* MenuDao.m */ = {isa = PBXFileReference; fileEncoding = 4; lastKnownFileType = sourcecode.c.objc; path = MenuDao.m; sourceTree = "<group>"; };
		D5C438F2198E871D004D9294 /* muic_v2.app */ = {isa = PBXFileReference; explicitFileType = wrapper.application; includeInIndex = 0; path = muic_v2.app; sourceTree = BUILT_PRODUCTS_DIR; };
		D5C438F5198E871D004D9294 /* Foundation.framework */ = {isa = PBXFileReference; lastKnownFileType = wrapper.framework; name = Foundation.framework; path = System/Library/Frameworks/Foundation.framework; sourceTree = SDKROOT; };
		D5C438F7198E871D004D9294 /* CoreGraphics.framework */ = {isa = PBXFileReference; lastKnownFileType = wrapper.framework; name = CoreGraphics.framework; path = System/Library/Frameworks/CoreGraphics.framework; sourceTree = SDKROOT; };
		D5C438F9198E871D004D9294 /* UIKit.framework */ = {isa = PBXFileReference; lastKnownFileType = wrapper.framework; name = UIKit.framework; path = System/Library/Frameworks/UIKit.framework; sourceTree = SDKROOT; };
		D5C438FD198E871D004D9294 /* muic_v2-Info.plist */ = {isa = PBXFileReference; lastKnownFileType = text.plist.xml; path = "muic_v2-Info.plist"; sourceTree = "<group>"; };
		D5C438FF198E871D004D9294 /* en */ = {isa = PBXFileReference; lastKnownFileType = text.plist.strings; name = en; path = en.lproj/InfoPlist.strings; sourceTree = "<group>"; };
		D5C43901198E871D004D9294 /* main.m */ = {isa = PBXFileReference; lastKnownFileType = sourcecode.c.objc; path = main.m; sourceTree = "<group>"; };
		D5C43903198E871D004D9294 /* muic_v2-Prefix.pch */ = {isa = PBXFileReference; lastKnownFileType = sourcecode.c.h; path = "muic_v2-Prefix.pch"; sourceTree = "<group>"; };
		D5C43904198E871D004D9294 /* AppDelegate.h */ = {isa = PBXFileReference; lastKnownFileType = sourcecode.c.h; path = AppDelegate.h; sourceTree = "<group>"; };
		D5C43905198E871D004D9294 /* AppDelegate.m */ = {isa = PBXFileReference; lastKnownFileType = sourcecode.c.objc; path = AppDelegate.m; sourceTree = "<group>"; };
		D5C4390B198E871D004D9294 /* Base */ = {isa = PBXFileReference; lastKnownFileType = file.storyboard; name = Base; path = Base.lproj/Main_iPad.storyboard; sourceTree = "<group>"; };
		D5C43910198E871D004D9294 /* Images.xcassets */ = {isa = PBXFileReference; lastKnownFileType = folder.assetcatalog; path = Images.xcassets; sourceTree = "<group>"; };
		D5C43916198E871D004D9294 /* muic_v2Tests.xctest */ = {isa = PBXFileReference; explicitFileType = wrapper.cfbundle; includeInIndex = 0; path = muic_v2Tests.xctest; sourceTree = BUILT_PRODUCTS_DIR; };
		D5C43917198E871D004D9294 /* XCTest.framework */ = {isa = PBXFileReference; lastKnownFileType = wrapper.framework; name = XCTest.framework; path = Library/Frameworks/XCTest.framework; sourceTree = DEVELOPER_DIR; };
		D5C4391F198E871D004D9294 /* muic_v2Tests-Info.plist */ = {isa = PBXFileReference; lastKnownFileType = text.plist.xml; path = "muic_v2Tests-Info.plist"; sourceTree = "<group>"; };
		D5C43921198E871D004D9294 /* en */ = {isa = PBXFileReference; lastKnownFileType = text.plist.strings; name = en; path = en.lproj/InfoPlist.strings; sourceTree = "<group>"; };
		D5C43923198E871D004D9294 /* muic_v2Tests.m */ = {isa = PBXFileReference; lastKnownFileType = sourcecode.c.objc; path = muic_v2Tests.m; sourceTree = "<group>"; };
		D5C4392E198E8759004D9294 /* life40x40.png */ = {isa = PBXFileReference; lastKnownFileType = image.png; path = life40x40.png; sourceTree = "<group>"; };
		D5C4392F198E8759004D9294 /* life48x48.png */ = {isa = PBXFileReference; lastKnownFileType = image.png; path = life48x48.png; sourceTree = "<group>"; };
		D5C43930198E8759004D9294 /* life50x50.png */ = {isa = PBXFileReference; lastKnownFileType = image.png; path = life50x50.png; sourceTree = "<group>"; };
		D5C43931198E8759004D9294 /* life57x57.png */ = {isa = PBXFileReference; lastKnownFileType = image.png; path = life57x57.png; sourceTree = "<group>"; };
		D5C43932198E8759004D9294 /* life58x58.png */ = {isa = PBXFileReference; lastKnownFileType = image.png; path = life58x58.png; sourceTree = "<group>"; };
		D5C43933198E8759004D9294 /* life72x72.png */ = {isa = PBXFileReference; lastKnownFileType = image.png; path = life72x72.png; sourceTree = "<group>"; };
		D5C43934198E8759004D9294 /* life76x76.png */ = {isa = PBXFileReference; lastKnownFileType = image.png; path = life76x76.png; sourceTree = "<group>"; };
		D5C43935198E8759004D9294 /* life80x80.png */ = {isa = PBXFileReference; lastKnownFileType = image.png; path = life80x80.png; sourceTree = "<group>"; };
		D5C43936198E8759004D9294 /* life100x100.png */ = {isa = PBXFileReference; lastKnownFileType = image.png; path = life100x100.png; sourceTree = "<group>"; };
		D5C43937198E8759004D9294 /* life114x114.png */ = {isa = PBXFileReference; lastKnownFileType = image.png; path = life114x114.png; sourceTree = "<group>"; };
		D5C43938198E8759004D9294 /* life120x120.png */ = {isa = PBXFileReference; lastKnownFileType = image.png; path = life120x120.png; sourceTree = "<group>"; };
		D5C43939198E8759004D9294 /* life144x144.png */ = {isa = PBXFileReference; lastKnownFileType = image.png; path = life144x144.png; sourceTree = "<group>"; };
		D5C4393A198E8759004D9294 /* life152x152.png */ = {isa = PBXFileReference; lastKnownFileType = image.png; path = life152x152.png; sourceTree = "<group>"; };
		D5C4393B198E8759004D9294 /* splash-ipad-landcape.png */ = {isa = PBXFileReference; lastKnownFileType = image.png; path = "splash-ipad-landcape.png"; sourceTree = "<group>"; };
		D5C4393C198E8759004D9294 /* splash-ipad-landcape@2x.png */ = {isa = PBXFileReference; lastKnownFileType = image.png; path = "splash-ipad-landcape@2x.png"; sourceTree = "<group>"; };
		D5C4393D198E8759004D9294 /* splash-ipad-portrait.png */ = {isa = PBXFileReference; lastKnownFileType = image.png; path = "splash-ipad-portrait.png"; sourceTree = "<group>"; };
		D5C4393E198E8759004D9294 /* splash-ipad-portrait@2x.png */ = {isa = PBXFileReference; lastKnownFileType = image.png; path = "splash-ipad-portrait@2x.png"; sourceTree = "<group>"; };
		D5C4393F198E8759004D9294 /* splash-iphone-gen4-2x.png */ = {isa = PBXFileReference; lastKnownFileType = image.png; path = "splash-iphone-gen4-2x.png"; sourceTree = "<group>"; };
		D5C43940198E8759004D9294 /* splash-iphone-gen5-2x.png */ = {isa = PBXFileReference; lastKnownFileType = image.png; path = "splash-iphone-gen5-2x.png"; sourceTree = "<group>"; };
		D5C43975198E8AC1004D9294 /* simpleMenuButton.png */ = {isa = PBXFileReference; lastKnownFileType = image.png; path = simpleMenuButton.png; sourceTree = "<group>"; };
		D5C43976198E8AC1004D9294 /* simpleMenuButton@2x.png */ = {isa = PBXFileReference; lastKnownFileType = image.png; path = "simpleMenuButton@2x.png"; sourceTree = "<group>"; };
		D5DC2C85198FDC7C00F82E60 /* about.png */ = {isa = PBXFileReference; lastKnownFileType = image.png; path = about.png; sourceTree = "<group>"; };
		D5DC2C86198FDC7C00F82E60 /* about_r.png */ = {isa = PBXFileReference; lastKnownFileType = image.png; path = about_r.png; sourceTree = "<group>"; };
		D5DC2C87198FDC7C00F82E60 /* acomodation.png */ = {isa = PBXFileReference; lastKnownFileType = image.png; path = acomodation.png; sourceTree = "<group>"; };
		D5DC2C88198FDC7C00F82E60 /* acomodation_r.png */ = {isa = PBXFileReference; lastKnownFileType = image.png; path = acomodation_r.png; sourceTree = "<group>"; };
		D5DC2C89198FDC7C00F82E60 /* article.png */ = {isa = PBXFileReference; lastKnownFileType = image.png; path = article.png; sourceTree = "<group>"; };
		D5DC2C8A198FDC7C00F82E60 /* article_r.png */ = {isa = PBXFileReference; lastKnownFileType = image.png; path = article_r.png; sourceTree = "<group>"; };
		D5DC2C8B198FDC7C00F82E60 /* contact.png */ = {isa = PBXFileReference; lastKnownFileType = image.png; path = contact.png; sourceTree = "<group>"; };
		D5DC2C8C198FDC7C00F82E60 /* contact_r.png */ = {isa = PBXFileReference; lastKnownFileType = image.png; path = contact_r.png; sourceTree = "<group>"; };
		D5DC2C8D198FDC7C00F82E60 /* gallery.png */ = {isa = PBXFileReference; lastKnownFileType = image.png; path = gallery.png; sourceTree = "<group>"; };
		D5DC2C8E198FDC7C00F82E60 /* gallery_r.png */ = {isa = PBXFileReference; lastKnownFileType = image.png; path = gallery_r.png; sourceTree = "<group>"; };
		D5DC2C8F198FDC7C00F82E60 /* home.png */ = {isa = PBXFileReference; lastKnownFileType = image.png; path = home.png; sourceTree = "<group>"; };
		D5DC2C90198FDC7C00F82E60 /* home_r.png */ = {isa = PBXFileReference; lastKnownFileType = image.png; path = home_r.png; sourceTree = "<group>"; };
		D5DC2C91198FDC7C00F82E60 /* logo.png */ = {isa = PBXFileReference; lastKnownFileType = image.png; path = logo.png; sourceTree = "<group>"; };
		D5DC2C92198FDC7C00F82E60 /* menu_btn.png */ = {isa = PBXFileReference; lastKnownFileType = image.png; path = menu_btn.png; sourceTree = "<group>"; };
		D5DC2C93198FDC7C00F82E60 /* promotion.png */ = {isa = PBXFileReference; lastKnownFileType = image.png; path = promotion.png; sourceTree = "<group>"; };
		D5DC2C94198FDC7C00F82E60 /* promotion_r.png */ = {isa = PBXFileReference; lastKnownFileType = image.png; path = promotion_r.png; sourceTree = "<group>"; };
		D5DC2C95198FDC7C00F82E60 /* salaya_hotel.png */ = {isa = PBXFileReference; lastKnownFileType = image.png; path = salaya_hotel.png; sourceTree = "<group>"; };
		D5DC2C96198FDC7C00F82E60 /* shop.png */ = {isa = PBXFileReference; lastKnownFileType = image.png; path = shop.png; sourceTree = "<group>"; };
		D5DC2C97198FDC7C00F82E60 /* shop_r.png */ = {isa = PBXFileReference; lastKnownFileType = image.png; path = shop_r.png; sourceTree = "<group>"; };
		D5DC2C98198FDC7C00F82E60 /* Student_Housing_logo.png */ = {isa = PBXFileReference; lastKnownFileType = image.png; path = Student_Housing_logo.png; sourceTree = "<group>"; };
		D5DC2C99198FDC7C00F82E60 /* test_icon.png */ = {isa = PBXFileReference; lastKnownFileType = image.png; path = test_icon.png; sourceTree = "<group>"; };
/* End PBXFileReference section */

/* Begin PBXFrameworksBuildPhase section */
		D5C438EF198E871D004D9294 /* Frameworks */ = {
			isa = PBXFrameworksBuildPhase;
			buildActionMask = 2147483647;
			files = (
				623AAFD019B1C95800FA2EF3 /* libsqlite3.0.dylib in Frameworks */,
				D5C438F8198E871D004D9294 /* CoreGraphics.framework in Frameworks */,
				D5C438FA198E871D004D9294 /* UIKit.framework in Frameworks */,
				D5C438F6198E871D004D9294 /* Foundation.framework in Frameworks */,
			);
			runOnlyForDeploymentPostprocessing = 0;
		};
		D5C43913198E871D004D9294 /* Frameworks */ = {
			isa = PBXFrameworksBuildPhase;
			buildActionMask = 2147483647;
			files = (
				D5C43918198E871D004D9294 /* XCTest.framework in Frameworks */,
				D5C4391A198E871D004D9294 /* UIKit.framework in Frameworks */,
				D5C43919198E871D004D9294 /* Foundation.framework in Frameworks */,
			);
			runOnlyForDeploymentPostprocessing = 0;
		};
/* End PBXFrameworksBuildPhase section */

/* Begin PBXGroup section */
		623AAFD319B1CA3000FA2EF3 /* model */ = {
			isa = PBXGroup;
			children = (
				62DA008D19B1D23900F15884 /* ModelMenu.h */,
				62DA008E19B1D23900F15884 /* ModelMenu.m */,
				626C530C19B2E1DB005C03C8 /* ModelApp.h */,
				626C530D19B2E1DB005C03C8 /* ModelApp.m */,
				62B5341319C983C7002B6DFC /* ModelBanner.h */,
				62B5341419C983C7002B6DFC /* ModelBanner.m */,
			);
			name = model;
			sourceTree = "<group>";
		};
		62B5340619C92840002B6DFC /* icon */ = {
			isa = PBXGroup;
			children = (
				62B5340819C92A40002B6DFC /* housing29x29.png */,
				62B5340919C92A40002B6DFC /* library29x29.png */,
				62B5340A19C92A40002B6DFC /* life29x29.png */,
				62B5340B19C92A40002B6DFC /* sph29x29.png */,
				D5C4392E198E8759004D9294 /* life40x40.png */,
				D5C4392F198E8759004D9294 /* life48x48.png */,
				D5C43930198E8759004D9294 /* life50x50.png */,
				D5C43931198E8759004D9294 /* life57x57.png */,
				D5C43932198E8759004D9294 /* life58x58.png */,
				D5C43933198E8759004D9294 /* life72x72.png */,
				D5C43934198E8759004D9294 /* life76x76.png */,
				D5C43935198E8759004D9294 /* life80x80.png */,
				D5C43936198E8759004D9294 /* life100x100.png */,
				D5C43937198E8759004D9294 /* life114x114.png */,
				D5C43938198E8759004D9294 /* life120x120.png */,
				D5C43939198E8759004D9294 /* life144x144.png */,
				D5C4393A198E8759004D9294 /* life152x152.png */,
			);
			name = icon;
			sourceTree = "<group>";
		};
		62B5340719C9285D002B6DFC /* slash */ = {
			isa = PBXGroup;
			children = (
				D5C4393B198E8759004D9294 /* splash-ipad-landcape.png */,
				D5C4393C198E8759004D9294 /* splash-ipad-landcape@2x.png */,
				D5C4393D198E8759004D9294 /* splash-ipad-portrait.png */,
				D5C4393E198E8759004D9294 /* splash-ipad-portrait@2x.png */,
				D5C4393F198E8759004D9294 /* splash-iphone-gen4-2x.png */,
				D5C43940198E8759004D9294 /* splash-iphone-gen5-2x.png */,
			);
			name = slash;
			sourceTree = "<group>";
		};
		62B5341019C93AC6002B6DFC /* service */ = {
			isa = PBXGroup;
			children = (
			);
			name = service;
			sourceTree = "<group>";
		};
		62B5341119C93ADF002B6DFC /* db */ = {
			isa = PBXGroup;
			children = (
				62629FFD19B4328C00C25244 /* muicv2.db */,
			);
			name = db;
			sourceTree = "<group>";
		};
		62B5341219C93AE9002B6DFC /* dao */ = {
			isa = PBXGroup;
			children = (
				62DA009019B1F74500F15884 /* MenuDao.h */,
				62DA009119B1F74500F15884 /* MenuDao.m */,
				62B5131819B30B2300D33CF8 /* AppDao.h */,
				62B5131919B30B2300D33CF8 /* AppDao.m */,
				62B5341619C9846D002B6DFC /* BannerDao.h */,
				62B5341719C9846D002B6DFC /* BannerDao.m */,
			);
			name = dao;
			sourceTree = "<group>";
		};
		D5C438E9198E871D004D9294 = {
			isa = PBXGroup;
			children = (
				D5C438FB198E871D004D9294 /* muic_v2 */,
				D5C438F4198E871D004D9294 /* Frameworks */,
				D5C4391D198E871D004D9294 /* muic_v2Tests */,
				D5C438F3198E871D004D9294 /* Products */,
			);
			sourceTree = "<group>";
		};
		D5C438F3198E871D004D9294 /* Products */ = {
			isa = PBXGroup;
			children = (
				D5C438F2198E871D004D9294 /* muic_v2.app */,
				D5C43916198E871D004D9294 /* muic_v2Tests.xctest */,
			);
			name = Products;
			sourceTree = "<group>";
		};
		D5C438F4198E871D004D9294 /* Frameworks */ = {
			isa = PBXGroup;
			children = (
				623AAFCF19B1C95800FA2EF3 /* libsqlite3.0.dylib */,
				D5C438F5198E871D004D9294 /* Foundation.framework */,
				D5C438F7198E871D004D9294 /* CoreGraphics.framework */,
				D5C438F9198E871D004D9294 /* UIKit.framework */,
				D5C43917198E871D004D9294 /* XCTest.framework */,
			);
			name = Frameworks;
			sourceTree = "<group>";
		};
		D5C438FB198E871D004D9294 /* muic_v2 */ = {
			isa = PBXGroup;
			children = (
				62B5341119C93ADF002B6DFC /* db */,
				62B5341219C93AE9002B6DFC /* dao */,
				62B5341019C93AC6002B6DFC /* service */,
				623AAFD319B1CA3000FA2EF3 /* model */,
				D5C43904198E871D004D9294 /* AppDelegate.h */,
				D5C43905198E871D004D9294 /* AppDelegate.m */,
				62B5132019B31E6E00D33CF8 /* MenuController.h */,
				62B5132119B31E6E00D33CF8 /* MenuController.m */,
				D5C43910198E871D004D9294 /* Images.xcassets */,
				D5C438FC198E871D004D9294 /* Supporting Files */,
			);
			path = muic_v2;
			sourceTree = "<group>";
		};
		D5C438FC198E871D004D9294 /* Supporting Files */ = {
			isa = PBXGroup;
			children = (
				62B5131B19B3166900D33CF8 /* Main_iPhone.storyboard */,
				D5C4390A198E871D004D9294 /* Main_iPad.storyboard */,
				D5DC2C84198FDC7C00F82E60 /* images.menutable */,
				D5C4392D198E872F004D9294 /* images */,
				D5C438FD198E871D004D9294 /* muic_v2-Info.plist */,
				D5C438FE198E871D004D9294 /* InfoPlist.strings */,
				D5C43901198E871D004D9294 /* main.m */,
				D5C43903198E871D004D9294 /* muic_v2-Prefix.pch */,
			);
			name = "Supporting Files";
			sourceTree = "<group>";
		};
		D5C4391D198E871D004D9294 /* muic_v2Tests */ = {
			isa = PBXGroup;
			children = (
				D5C43923198E871D004D9294 /* muic_v2Tests.m */,
				D5C4391E198E871D004D9294 /* Supporting Files */,
			);
			path = muic_v2Tests;
			sourceTree = "<group>";
		};
		D5C4391E198E871D004D9294 /* Supporting Files */ = {
			isa = PBXGroup;
			children = (
				D5C4391F198E871D004D9294 /* muic_v2Tests-Info.plist */,
				D5C43920198E871D004D9294 /* InfoPlist.strings */,
			);
			name = "Supporting Files";
			sourceTree = "<group>";
		};
		D5C4392D198E872F004D9294 /* images */ = {
			isa = PBXGroup;
			children = (
				62B5340719C9285D002B6DFC /* slash */,
				62B5340619C92840002B6DFC /* icon */,
				D5C43975198E8AC1004D9294 /* simpleMenuButton.png */,
				D5C43976198E8AC1004D9294 /* simpleMenuButton@2x.png */,
			);
			name = images;
			sourceTree = "<group>";
		};
		D5DC2C84198FDC7C00F82E60 /* images.menutable */ = {
			isa = PBXGroup;
			children = (
				D5DC2C85198FDC7C00F82E60 /* about.png */,
				D5DC2C86198FDC7C00F82E60 /* about_r.png */,
				D5DC2C87198FDC7C00F82E60 /* acomodation.png */,
				D5DC2C88198FDC7C00F82E60 /* acomodation_r.png */,
				D5DC2C89198FDC7C00F82E60 /* article.png */,
				D5DC2C8A198FDC7C00F82E60 /* article_r.png */,
				D5DC2C8B198FDC7C00F82E60 /* contact.png */,
				D5DC2C8C198FDC7C00F82E60 /* contact_r.png */,
				D5DC2C8D198FDC7C00F82E60 /* gallery.png */,
				D5DC2C8E198FDC7C00F82E60 /* gallery_r.png */,
				D5DC2C8F198FDC7C00F82E60 /* home.png */,
				D5DC2C90198FDC7C00F82E60 /* home_r.png */,
				D5DC2C91198FDC7C00F82E60 /* logo.png */,
				D5DC2C92198FDC7C00F82E60 /* menu_btn.png */,
				D5DC2C93198FDC7C00F82E60 /* promotion.png */,
				D5DC2C94198FDC7C00F82E60 /* promotion_r.png */,
				D5DC2C95198FDC7C00F82E60 /* salaya_hotel.png */,
				D5DC2C96198FDC7C00F82E60 /* shop.png */,
				D5DC2C97198FDC7C00F82E60 /* shop_r.png */,
				D5DC2C98198FDC7C00F82E60 /* Student_Housing_logo.png */,
				D5DC2C99198FDC7C00F82E60 /* test_icon.png */,
			);
			name = images.menutable;
			path = image.menutable;
			sourceTree = "<group>";
		};
/* End PBXGroup section */

/* Begin PBXNativeTarget section */
		D5C438F1198E871D004D9294 /* muic_v2 */ = {
			isa = PBXNativeTarget;
			buildConfigurationList = D5C43927198E871D004D9294 /* Build configuration list for PBXNativeTarget "muic_v2" */;
			buildPhases = (
				D5C438EE198E871D004D9294 /* Sources */,
				D5C438EF198E871D004D9294 /* Frameworks */,
				D5C438F0198E871D004D9294 /* Resources */,
			);
			buildRules = (
			);
			dependencies = (
			);
			name = muic_v2;
			productName = muic_v2;
			productReference = D5C438F2198E871D004D9294 /* muic_v2.app */;
			productType = "com.apple.product-type.application";
		};
		D5C43915198E871D004D9294 /* muic_v2Tests */ = {
			isa = PBXNativeTarget;
			buildConfigurationList = D5C4392A198E871D004D9294 /* Build configuration list for PBXNativeTarget "muic_v2Tests" */;
			buildPhases = (
				D5C43912198E871D004D9294 /* Sources */,
				D5C43913198E871D004D9294 /* Frameworks */,
				D5C43914198E871D004D9294 /* Resources */,
			);
			buildRules = (
			);
			dependencies = (
				D5C4391C198E871D004D9294 /* PBXTargetDependency */,
			);
			name = muic_v2Tests;
			productName = muic_v2Tests;
			productReference = D5C43916198E871D004D9294 /* muic_v2Tests.xctest */;
			productType = "com.apple.product-type.bundle.unit-test";
		};
/* End PBXNativeTarget section */

/* Begin PBXProject section */
		D5C438EA198E871D004D9294 /* Project object */ = {
			isa = PBXProject;
			attributes = {
				LastUpgradeCheck = 0510;
				ORGANIZATIONNAME = muic;
				TargetAttributes = {
					D5C438F1198E871D004D9294 = {
						DevelopmentTeam = A4B6LCBCF5;
					};
					D5C43915198E871D004D9294 = {
						TestTargetID = D5C438F1198E871D004D9294;
					};
				};
			};
			buildConfigurationList = D5C438ED198E871D004D9294 /* Build configuration list for PBXProject "muic_v2" */;
			compatibilityVersion = "Xcode 3.2";
			developmentRegion = English;
			hasScannedForEncodings = 0;
			knownRegions = (
				en,
				Base,
			);
			mainGroup = D5C438E9198E871D004D9294;
			productRefGroup = D5C438F3198E871D004D9294 /* Products */;
			projectDirPath = "";
			projectRoot = "";
			targets = (
				D5C438F1198E871D004D9294 /* muic_v2 */,
				D5C43915198E871D004D9294 /* muic_v2Tests */,
			);
		};
/* End PBXProject section */

/* Begin PBXResourcesBuildPhase section */
		D5C438F0198E871D004D9294 /* Resources */ = {
			isa = PBXResourcesBuildPhase;
			buildActionMask = 2147483647;
			files = (
				D5C43953198E8759004D9294 /* splash-iphone-gen5-2x.png in Resources */,
				D5DC2CA1198FDC7C00F82E60 /* contact_r.png in Resources */,
				D5C4394A198E8759004D9294 /* life114x114.png in Resources */,
				D5C43977198E8AC1004D9294 /* simpleMenuButton.png in Resources */,
				D5C43951198E8759004D9294 /* splash-ipad-portrait@2x.png in Resources */,
				D5C43944198E8759004D9294 /* life57x57.png in Resources */,
				D5DC2CAE198FDC7C00F82E60 /* test_icon.png in Resources */,
				D5DC2C9B198FDC7C00F82E60 /* about_r.png in Resources */,
				D5C4390C198E871D004D9294 /* Main_iPad.storyboard in Resources */,
				62B5340E19C92A40002B6DFC /* life29x29.png in Resources */,
				D5DC2CA5198FDC7C00F82E60 /* home_r.png in Resources */,
				D5DC2CAD198FDC7C00F82E60 /* Student_Housing_logo.png in Resources */,
				D5DC2C9F198FDC7C00F82E60 /* article_r.png in Resources */,
				D5C43947198E8759004D9294 /* life76x76.png in Resources */,
				D5DC2C9C198FDC7C00F82E60 /* acomodation.png in Resources */,
				D5DC2CA6198FDC7C00F82E60 /* logo.png in Resources */,
				D5DC2CA0198FDC7C00F82E60 /* contact.png in Resources */,
				D5C43978198E8AC1004D9294 /* simpleMenuButton@2x.png in Resources */,
				D5C43941198E8759004D9294 /* life40x40.png in Resources */,
				D5DC2CAB198FDC7C00F82E60 /* shop.png in Resources */,
				D5DC2CA7198FDC7C00F82E60 /* menu_btn.png in Resources */,
				62B5131C19B3166900D33CF8 /* Main_iPhone.storyboard in Resources */,
				D5C4394D198E8759004D9294 /* life152x152.png in Resources */,
				D5DC2CA3198FDC7C00F82E60 /* gallery_r.png in Resources */,
				D5C43942198E8759004D9294 /* life48x48.png in Resources */,
				D5C43911198E871D004D9294 /* Images.xcassets in Resources */,
				D5C43952198E8759004D9294 /* splash-iphone-gen4-2x.png in Resources */,
				62B5340D19C92A40002B6DFC /* library29x29.png in Resources */,
				D5DC2CA4198FDC7C00F82E60 /* home.png in Resources */,
				D5DC2C9E198FDC7C00F82E60 /* article.png in Resources */,
				D5DC2CA2198FDC7C00F82E60 /* gallery.png in Resources */,
				D5C43900198E871D004D9294 /* InfoPlist.strings in Resources */,
				D5C43948198E8759004D9294 /* life80x80.png in Resources */,
				D5DC2C9D198FDC7C00F82E60 /* acomodation_r.png in Resources */,
				D5C43950198E8759004D9294 /* splash-ipad-portrait.png in Resources */,
				62B5340F19C92A40002B6DFC /* sph29x29.png in Resources */,
				D5C4394F198E8759004D9294 /* splash-ipad-landcape@2x.png in Resources */,
				62629FFE19B4328C00C25244 /* muicv2.db in Resources */,
				D5DC2CAC198FDC7C00F82E60 /* shop_r.png in Resources */,
				D5C43945198E8759004D9294 /* life58x58.png in Resources */,
				D5C43946198E8759004D9294 /* life72x72.png in Resources */,
				D5C4394C198E8759004D9294 /* life144x144.png in Resources */,
				D5C4394E198E8759004D9294 /* splash-ipad-landcape.png in Resources */,
				D5C4394B198E8759004D9294 /* life120x120.png in Resources */,
				D5DC2C9A198FDC7C00F82E60 /* about.png in Resources */,
				62B5340C19C92A40002B6DFC /* housing29x29.png in Resources */,
				D5DC2CAA198FDC7C00F82E60 /* salaya_hotel.png in Resources */,
				D5C43943198E8759004D9294 /* life50x50.png in Resources */,
				D5DC2CA9198FDC7C00F82E60 /* promotion_r.png in Resources */,
				D5C43949198E8759004D9294 /* life100x100.png in Resources */,
				D5DC2CA8198FDC7C00F82E60 /* promotion.png in Resources */,
			);
			runOnlyForDeploymentPostprocessing = 0;
		};
		D5C43914198E871D004D9294 /* Resources */ = {
			isa = PBXResourcesBuildPhase;
			buildActionMask = 2147483647;
			files = (
				D5C43922198E871D004D9294 /* InfoPlist.strings in Resources */,
			);
			runOnlyForDeploymentPostprocessing = 0;
		};
/* End PBXResourcesBuildPhase section */

/* Begin PBXSourcesBuildPhase section */
		D5C438EE198E871D004D9294 /* Sources */ = {
			isa = PBXSourcesBuildPhase;
			buildActionMask = 2147483647;
			files = (
				62B5132319B31E6E00D33CF8 /* MenuController.m in Sources */,
				D5C43906198E871D004D9294 /* AppDelegate.m in Sources */,
				62B5131A19B30B2300D33CF8 /* AppDao.m in Sources */,
				62B5341819C9846D002B6DFC /* BannerDao.m in Sources */,
				626C530E19B2E1DB005C03C8 /* ModelApp.m in Sources */,
				62DA009219B1F74500F15884 /* MenuDao.m in Sources */,
				D5C43902198E871D004D9294 /* main.m in Sources */,
				62DA008F19B1D23900F15884 /* ModelMenu.m in Sources */,
				62B5341519C983C7002B6DFC /* ModelBanner.m in Sources */,
			);
			runOnlyForDeploymentPostprocessing = 0;
		};
		D5C43912198E871D004D9294 /* Sources */ = {
			isa = PBXSourcesBuildPhase;
			buildActionMask = 2147483647;
			files = (
				D5C43924198E871D004D9294 /* muic_v2Tests.m in Sources */,
			);
			runOnlyForDeploymentPostprocessing = 0;
		};
/* End PBXSourcesBuildPhase section */

/* Begin PBXTargetDependency section */
		D5C4391C198E871D004D9294 /* PBXTargetDependency */ = {
			isa = PBXTargetDependency;
			target = D5C438F1198E871D004D9294 /* muic_v2 */;
			targetProxy = D5C4391B198E871D004D9294 /* PBXContainerItemProxy */;
		};
/* End PBXTargetDependency section */

/* Begin PBXVariantGroup section */
		D5C438FE198E871D004D9294 /* InfoPlist.strings */ = {
			isa = PBXVariantGroup;
			children = (
				D5C438FF198E871D004D9294 /* en */,
			);
			name = InfoPlist.strings;
			sourceTree = "<group>";
		};
		D5C4390A198E871D004D9294 /* Main_iPad.storyboard */ = {
			isa = PBXVariantGroup;
			children = (
				D5C4390B198E871D004D9294 /* Base */,
			);
			name = Main_iPad.storyboard;
			sourceTree = "<group>";
		};
		D5C43920198E871D004D9294 /* InfoPlist.strings */ = {
			isa = PBXVariantGroup;
			children = (
				D5C43921198E871D004D9294 /* en */,
			);
			name = InfoPlist.strings;
			sourceTree = "<group>";
		};
/* End PBXVariantGroup section */

/* Begin XCBuildConfiguration section */
		D5C43925198E871D004D9294 /* Debug */ = {
			isa = XCBuildConfiguration;
			buildSettings = {
				ALWAYS_SEARCH_USER_PATHS = NO;
				CLANG_CXX_LANGUAGE_STANDARD = "gnu++0x";
				CLANG_CXX_LIBRARY = "libc++";
				CLANG_ENABLE_MODULES = YES;
				CLANG_ENABLE_OBJC_ARC = YES;
				CLANG_WARN_BOOL_CONVERSION = YES;
				CLANG_WARN_CONSTANT_CONVERSION = YES;
				CLANG_WARN_DIRECT_OBJC_ISA_USAGE = YES_ERROR;
				CLANG_WARN_EMPTY_BODY = YES;
				CLANG_WARN_ENUM_CONVERSION = YES;
				CLANG_WARN_INT_CONVERSION = YES;
				CLANG_WARN_OBJC_ROOT_CLASS = YES_ERROR;
				CLANG_WARN__DUPLICATE_METHOD_MATCH = YES;
				"CODE_SIGN_IDENTITY[sdk=iphoneos*]" = "iPhone Developer";
				COPY_PHASE_STRIP = NO;
				GCC_C_LANGUAGE_STANDARD = gnu99;
				GCC_DYNAMIC_NO_PIC = NO;
				GCC_OPTIMIZATION_LEVEL = 0;
				GCC_PREPROCESSOR_DEFINITIONS = (
					"DEBUG=1",
					"$(inherited)",
				);
				GCC_SYMBOLS_PRIVATE_EXTERN = NO;
				GCC_WARN_64_TO_32_BIT_CONVERSION = YES;
				GCC_WARN_ABOUT_RETURN_TYPE = YES_ERROR;
				GCC_WARN_UNDECLARED_SELECTOR = YES;
				GCC_WARN_UNINITIALIZED_AUTOS = YES_AGGRESSIVE;
				GCC_WARN_UNUSED_FUNCTION = YES;
				GCC_WARN_UNUSED_VARIABLE = YES;
				IPHONEOS_DEPLOYMENT_TARGET = 7.1;
				ONLY_ACTIVE_ARCH = YES;
				SDKROOT = iphoneos;
				TARGETED_DEVICE_FAMILY = "1,2";
			};
			name = Debug;
		};
		D5C43926198E871D004D9294 /* Release */ = {
			isa = XCBuildConfiguration;
			buildSettings = {
				ALWAYS_SEARCH_USER_PATHS = NO;
				CLANG_CXX_LANGUAGE_STANDARD = "gnu++0x";
				CLANG_CXX_LIBRARY = "libc++";
				CLANG_ENABLE_MODULES = YES;
				CLANG_ENABLE_OBJC_ARC = YES;
				CLANG_WARN_BOOL_CONVERSION = YES;
				CLANG_WARN_CONSTANT_CONVERSION = YES;
				CLANG_WARN_DIRECT_OBJC_ISA_USAGE = YES_ERROR;
				CLANG_WARN_EMPTY_BODY = YES;
				CLANG_WARN_ENUM_CONVERSION = YES;
				CLANG_WARN_INT_CONVERSION = YES;
				CLANG_WARN_OBJC_ROOT_CLASS = YES_ERROR;
				CLANG_WARN__DUPLICATE_METHOD_MATCH = YES;
				"CODE_SIGN_IDENTITY[sdk=iphoneos*]" = "iPhone Developer";
				COPY_PHASE_STRIP = YES;
				ENABLE_NS_ASSERTIONS = NO;
				GCC_C_LANGUAGE_STANDARD = gnu99;
				GCC_WARN_64_TO_32_BIT_CONVERSION = YES;
				GCC_WARN_ABOUT_RETURN_TYPE = YES_ERROR;
				GCC_WARN_UNDECLARED_SELECTOR = YES;
				GCC_WARN_UNINITIALIZED_AUTOS = YES_AGGRESSIVE;
				GCC_WARN_UNUSED_FUNCTION = YES;
				GCC_WARN_UNUSED_VARIABLE = YES;
				IPHONEOS_DEPLOYMENT_TARGET = 7.1;
				SDKROOT = iphoneos;
				TARGETED_DEVICE_FAMILY = "1,2";
				VALIDATE_PRODUCT = YES;
			};
			name = Release;
		};
		D5C43928198E871D004D9294 /* Debug */ = {
			isa = XCBuildConfiguration;
			buildSettings = {
				ASSETCATALOG_COMPILER_APPICON_NAME = AppIcon;
				ASSETCATALOG_COMPILER_LAUNCHIMAGE_NAME = LaunchImage;
				CODE_SIGN_IDENTITY = "iPhone Developer";
				"CODE_SIGN_IDENTITY[sdk=iphoneos*]" = "iPhone Developer";
				GCC_PRECOMPILE_PREFIX_HEADER = YES;
				GCC_PREFIX_HEADER = "muic_v2/muic_v2-Prefix.pch";
				INFOPLIST_FILE = "muic_v2/muic_v2-Info.plist";
				LIBRARY_SEARCH_PATHS = (
					"$(inherited)",
					/Users/pawit/Documents/workspace_ios/Ed.Tech/build/lib/arm,
				);
				PRODUCT_NAME = "$(TARGET_NAME)";
				PROVISIONING_PROFILE = "";
				WRAPPER_EXTENSION = app;
			};
			name = Debug;
		};
		D5C43929198E871D004D9294 /* Release */ = {
			isa = XCBuildConfiguration;
			buildSettings = {
				ASSETCATALOG_COMPILER_APPICON_NAME = AppIcon;
				ASSETCATALOG_COMPILER_LAUNCHIMAGE_NAME = LaunchImage;
				CODE_SIGN_IDENTITY = "iPhone Developer";
				"CODE_SIGN_IDENTITY[sdk=iphoneos*]" = "iPhone Developer";
				GCC_PRECOMPILE_PREFIX_HEADER = YES;
				GCC_PREFIX_HEADER = "muic_v2/muic_v2-Prefix.pch";
				INFOPLIST_FILE = "muic_v2/muic_v2-Info.plist";
				LIBRARY_SEARCH_PATHS = (
					"$(inherited)",
					/Users/pawit/Documents/workspace_ios/Ed.Tech/build/lib/arm,
				);
				PRODUCT_NAME = "$(TARGET_NAME)";
				PROVISIONING_PROFILE = "";
				WRAPPER_EXTENSION = app;
			};
			name = Release;
		};
		D5C4392B198E871D004D9294 /* Debug */ = {
			isa = XCBuildConfiguration;
			buildSettings = {
				BUNDLE_LOADER = "$(BUILT_PRODUCTS_DIR)/muic_v2.app/muic_v2";
				FRAMEWORK_SEARCH_PATHS = (
					"$(SDKROOT)/Developer/Library/Frameworks",
					"$(inherited)",
					"$(DEVELOPER_FRAMEWORKS_DIR)",
				);
				GCC_PRECOMPILE_PREFIX_HEADER = YES;
				GCC_PREFIX_HEADER = "muic_v2/muic_v2-Prefix.pch";
				GCC_PREPROCESSOR_DEFINITIONS = (
					"DEBUG=1",
					"$(inherited)",
				);
				INFOPLIST_FILE = "muic_v2Tests/muic_v2Tests-Info.plist";
				PRODUCT_NAME = "$(TARGET_NAME)";
				TEST_HOST = "$(BUNDLE_LOADER)";
				WRAPPER_EXTENSION = xctest;
			};
			name = Debug;
		};
		D5C4392C198E871D004D9294 /* Release */ = {
			isa = XCBuildConfiguration;
			buildSettings = {
				BUNDLE_LOADER = "$(BUILT_PRODUCTS_DIR)/muic_v2.app/muic_v2";
				FRAMEWORK_SEARCH_PATHS = (
					"$(SDKROOT)/Developer/Library/Frameworks",
					"$(inherited)",
					"$(DEVELOPER_FRAMEWORKS_DIR)",
				);
				GCC_PRECOMPILE_PREFIX_HEADER = YES;
				GCC_PREFIX_HEADER = "muic_v2/muic_v2-Prefix.pch";
				INFOPLIST_FILE = "muic_v2Tests/muic_v2Tests-Info.plist";
				PRODUCT_NAME = "$(TARGET_NAME)";
				TEST_HOST = "$(BUNDLE_LOADER)";
				WRAPPER_EXTENSION = xctest;
			};
			name = Release;
		};
/* End XCBuildConfiguration section */

/* Begin XCConfigurationList section */
		D5C438ED198E871D004D9294 /* Build configuration list for PBXProject "muic_v2" */ = {
			isa = XCConfigurationList;
			buildConfigurations = (
				D5C43925198E871D004D9294 /* Debug */,
				D5C43926198E871D004D9294 /* Release */,
			);
			defaultConfigurationIsVisible = 0;
			defaultConfigurationName = Release;
		};
		D5C43927198E871D004D9294 /* Build configuration list for PBXNativeTarget "muic_v2" */ = {
			isa = XCConfigurationList;
			buildConfigurations = (
				D5C43928198E871D004D9294 /* Debug */,
				D5C43929198E871D004D9294 /* Release */,
			);
			defaultConfigurationIsVisible = 0;
			defaultConfigurationName = Release;
		};
		D5C4392A198E871D004D9294 /* Build configuration list for PBXNativeTarget "muic_v2Tests" */ = {
			isa = XCConfigurationList;
			buildConfigurations = (
				D5C4392B198E871D004D9294 /* Debug */,
				D5C4392C198E871D004D9294 /* Release */,
			);
			defaultConfigurationIsVisible = 0;
			defaultConfigurationName = Release;
		};
/* End XCConfigurationList section */
	};
	rootObject = D5C438EA198E871D004D9294 /* Project object */;
}
